
Microsoft Visual Studio Solution File, Format Version 12.00
# Visual Studio 15
VisualStudioVersion = 15.0.28307.136
MinimumVisualStudioVersion = 10.0.40219.1
Project("{FAE04EC0-301F-11D3-BF4B-00C04F79EFBC}") = "ConsoleSecond", "ConsoleSecond\ConsoleSecond.csproj", "{64E9CC8A-726B-4A34-A5DA-932A820CD975}"
EndProject
Project("{FAE04EC0-301F-11D3-BF4B-00C04F79EFBC}") = "FavouriteColor", "FavouriteColor\FavouriteColor.csproj", "{61DA0E13-3F3F-4215-B92D-E16DCE0DAFC0}"
EndProject
Project("{FAE04EC0-301F-11D3-BF4B-00C04F79EFBC}") = "Test", "Test\Test.csproj", "{5AFD5D85-4BD5-4F5D-92C3-D4E68AC5979D}"
EndProject
Global
	GlobalSection(SolutionConfigurationPlatforms) = preSolution
		Debug|Any CPU = Debug|Any CPU
		Release|Any CPU = Release|Any CPU
	EndGlobalSection
	GlobalSection(ProjectConfigurationPlatforms) = postSolution
		{64E9CC8A-726B-4A34-A5DA-932A820CD975}.Debug|Any CPU.ActiveCfg = Debug|Any CPU
		{64E9CC8A-726B-4A34-A5DA-932A820CD975}.Debug|Any CPU.Build.0 = Debug|Any CPU
		{64E9CC8A-726B-4A34-A5DA-932A820CD975}.Release|Any CPU.ActiveCfg = Release|Any CPU
		{64E9CC8A-726B-4A34-A5DA-932A820CD975}.Release|Any CPU.Build.0 = Release|Any CPU
		{61DA0E13-3F3F-4215-B92D-E16DCE0DAFC0}.Debug|Any CPU.ActiveCfg = Debug|Any CPU
		{61DA0E13-3F3F-4215-B92D-E16DCE0DAFC0}.Debug|Any CPU.Build.0 = Debug|Any CPU
		{61DA0E13-3F3F-4215-B92D-E16DCE0DAFC0}.Release|Any CPU.ActiveCfg = Release|Any CPU
		{61DA0E13-3F3F-4215-B92D-E16DCE0DAFC0}.Release|Any CPU.Build.0 = Release|Any CPU
		{5AFD5D85-4BD5-4F5D-92C3-D4E68AC5979D}.Debug|Any CPU.ActiveCfg = Debug|Any CPU
		{5AFD5D85-4BD5-4F5D-92C3-D4E68AC5979D}.Debug|Any CPU.Build.0 = Debug|Any CPU
		{5AFD5D85-4BD5-4F5D-92C3-D4E68AC5979D}.Release|Any CPU.ActiveCfg = Release|Any CPU
		{5AFD5D85-4BD5-4F5D-92C3-D4E68AC5979D}.Release|Any CPU.Build.0 = Release|Any CPU
	EndGlobalSection
	GlobalSection(SolutionProperties) = preSolution
		HideSolutionNode = FALSE
	EndGlobalSection
	GlobalSection(ExtensibilityGlobals) = postSolution
		SolutionGuid = {FA77F157-E3ED-4F53-B498-C67762138EE5}
	EndGlobalSection
EndGlobal
